
Microsoft Visual Studio Solution File, Format Version 12.00
# Visual Studio Version 16
VisualStudioVersion = 16.0.29519.87
MinimumVisualStudioVersion = 10.0.40219.1
Project("{FAE04EC0-301F-11D3-BF4B-00C04F79EFBC}") = "VS.AuditHistory", "VS.AuditHistory\VS.AuditHistory.csproj", "{B03F7AD3-71ED-43E9-8626-805BB080F05B}"
EndProject
Project("{FAE04EC0-301F-11D3-BF4B-00C04F79EFBC}") = "VS.AuditHistory.Test", "VS.AuditHistory.Test\VS.AuditHistory.Test.csproj", "{6525EF9A-2B26-48F2-84C6-02A5AC995227}"
EndProject
Global
	GlobalSection(SolutionConfigurationPlatforms) = preSolution
		Debug|Any CPU = Debug|Any CPU
		Release|Any CPU = Release|Any CPU
	EndGlobalSection
	GlobalSection(ProjectConfigurationPlatforms) = postSolution
		{B03F7AD3-71ED-43E9-8626-805BB080F05B}.Debug|Any CPU.ActiveCfg = Debug|Any CPU
		{B03F7AD3-71ED-43E9-8626-805BB080F05B}.Debug|Any CPU.Build.0 = Debug|Any CPU
		{B03F7AD3-71ED-43E9-8626-805BB080F05B}.Release|Any CPU.ActiveCfg = Release|Any CPU
		{B03F7AD3-71ED-43E9-8626-805BB080F05B}.Release|Any CPU.Build.0 = Release|Any CPU
		{6525EF9A-2B26-48F2-84C6-02A5AC995227}.Debug|Any CPU.ActiveCfg = Debug|Any CPU
		{6525EF9A-2B26-48F2-84C6-02A5AC995227}.Debug|Any CPU.Build.0 = Debug|Any CPU
		{6525EF9A-2B26-48F2-84C6-02A5AC995227}.Release|Any CPU.ActiveCfg = Release|Any CPU
		{6525EF9A-2B26-48F2-84C6-02A5AC995227}.Release|Any CPU.Build.0 = Release|Any CPU
	EndGlobalSection
	GlobalSection(SolutionProperties) = preSolution
		HideSolutionNode = FALSE
	EndGlobalSection
	GlobalSection(ExtensibilityGlobals) = postSolution
		SolutionGuid = {B35FB6B9-B0E3-42B3-99CF-C555B57C54AF}
	EndGlobalSection
EndGlobal
